
Microsoft Visual Studio Solution File, Format Version 12.00
# Visual Studio Version 16
VisualStudioVersion = 16.0.29709.97
MinimumVisualStudioVersion = 10.0.40219.1
Project("{FAE04EC0-301F-11D3-BF4B-00C04F79EFBC}") = "Area", "Area\Area.csproj", "{E0FAACA1-2362-4F61-A99F-43F6DC754D1F}"
EndProject
Global
	GlobalSection(SolutionConfigurationPlatforms) = preSolution
		Debug|Any CPU = Debug|Any CPU
		Release|Any CPU = Release|Any CPU
	EndGlobalSection
	GlobalSection(ProjectConfigurationPlatforms) = postSolution
		{E0FAACA1-2362-4F61-A99F-43F6DC754D1F}.Debug|Any CPU.ActiveCfg = Debug|Any CPU
		{E0FAACA1-2362-4F61-A99F-43F6DC754D1F}.Debug|Any CPU.Build.0 = Debug|Any CPU
		{E0FAACA1-2362-4F61-A99F-43F6DC754D1F}.Release|Any CPU.ActiveCfg = Release|Any CPU
		{E0FAACA1-2362-4F61-A99F-43F6DC754D1F}.Release|Any CPU.Build.0 = Release|Any CPU
	EndGlobalSection
	GlobalSection(SolutionProperties) = preSolution
		HideSolutionNode = FALSE
	EndGlobalSection
	GlobalSection(ExtensibilityGlobals) = postSolution
		SolutionGuid = {0482DF3C-1DDF-4AB6-8AEB-0D894BDAE355}
	EndGlobalSection
EndGlobal
